
Microsoft Visual Studio Solution File, Format Version 12.00
# Visual Studio 14
VisualStudioVersion = 14.0.24720.0
MinimumVisualStudioVersion = 10.0.40219.1
Project("{FAE04EC0-301F-11D3-BF4B-00C04F79EFBC}") = "BarcodeScanner.Droid", "BarcodeScanner\BarcodeScanner.Droid\BarcodeScanner.Droid.csproj", "{DF61076D-708A-467B-A054-F5847B49F345}"
EndProject
Project("{FAE04EC0-301F-11D3-BF4B-00C04F79EFBC}") = "BarcodeScanner.iOS", "BarcodeScanner\BarcodeScanner.iOS\BarcodeScanner.iOS.csproj", "{116FE74C-DD7F-454B-A53F-12B34E804C30}"
EndProject
Project("{FAE04EC0-301F-11D3-BF4B-00C04F79EFBC}") = "BarcodeScanner.WinPhone", "BarcodeScanner\BarcodeScanner.WinPhone\BarcodeScanner.WinPhone.csproj", "{F8448A58-8F25-4971-AECE-1334EE235A00}"
EndProject
Project("{FAE04EC0-301F-11D3-BF4B-00C04F79EFBC}") = "BarcodeScanner", "BarcodeScanner\BarcodeScanner\BarcodeScanner.csproj", "{5FD5C46A-5AB0-460F-993B-0747FA74BBF6}"
EndProject
Global
	GlobalSection(SolutionConfigurationPlatforms) = preSolution
		Ad-Hoc|Any CPU = Ad-Hoc|Any CPU
		Ad-Hoc|ARM = Ad-Hoc|ARM
		Ad-Hoc|iPhone = Ad-Hoc|iPhone
		Ad-Hoc|iPhoneSimulator = Ad-Hoc|iPhoneSimulator
		Ad-Hoc|x64 = Ad-Hoc|x64
		Ad-Hoc|x86 = Ad-Hoc|x86
		AppStore|Any CPU = AppStore|Any CPU
		AppStore|ARM = AppStore|ARM
		AppStore|iPhone = AppStore|iPhone
		AppStore|iPhoneSimulator = AppStore|iPhoneSimulator
		AppStore|x64 = AppStore|x64
		AppStore|x86 = AppStore|x86
		Debug|Any CPU = Debug|Any CPU
		Debug|ARM = Debug|ARM
		Debug|iPhone = Debug|iPhone
		Debug|iPhoneSimulator = Debug|iPhoneSimulator
		Debug|x64 = Debug|x64
		Debug|x86 = Debug|x86
		Release|Any CPU = Release|Any CPU
		Release|ARM = Release|ARM
		Release|iPhone = Release|iPhone
		Release|iPhoneSimulator = Release|iPhoneSimulator
		Release|x64 = Release|x64
		Release|x86 = Release|x86
	EndGlobalSection
	GlobalSection(ProjectConfigurationPlatforms) = postSolution
		{DF61076D-708A-467B-A054-F5847B49F345}.Ad-Hoc|Any CPU.ActiveCfg = Release|Any CPU
		{DF61076D-708A-467B-A054-F5847B49F345}.Ad-Hoc|Any CPU.Build.0 = Release|Any CPU
		{DF61076D-708A-467B-A054-F5847B49F345}.Ad-Hoc|Any CPU.Deploy.0 = Release|Any CPU
		{DF61076D-708A-467B-A054-F5847B49F345}.Ad-Hoc|ARM.ActiveCfg = Release|Any CPU
		{DF61076D-708A-467B-A054-F5847B49F345}.Ad-Hoc|ARM.Build.0 = Release|Any CPU
		{DF61076D-708A-467B-A054-F5847B49F345}.Ad-Hoc|ARM.Deploy.0 = Release|Any CPU
		{DF61076D-708A-467B-A054-F5847B49F345}.Ad-Hoc|iPhone.ActiveCfg = Release|Any CPU
		{DF61076D-708A-467B-A054-F5847B49F345}.Ad-Hoc|iPhone.Build.0 = Release|Any CPU
		{DF61076D-708A-467B-A054-F5847B49F345}.Ad-Hoc|iPhone.Deploy.0 = Release|Any CPU
		{DF61076D-708A-467B-A054-F5847B49F345}.Ad-Hoc|iPhoneSimulator.ActiveCfg = Release|Any CPU
		{DF61076D-708A-467B-A054-F5847B49F345}.Ad-Hoc|iPhoneSimulator.Build.0 = Release|Any CPU
		{DF61076D-708A-467B-A054-F5847B49F345}.Ad-Hoc|iPhoneSimulator.Deploy.0 = Release|Any CPU
		{DF61076D-708A-467B-A054-F5847B49F345}.Ad-Hoc|x64.ActiveCfg = Release|Any CPU
		{DF61076D-708A-467B-A054-F5847B49F345}.Ad-Hoc|x64.Build.0 = Release|Any CPU
		{DF61076D-708A-467B-A054-F5847B49F345}.Ad-Hoc|x64.Deploy.0 = Release|Any CPU
		{DF61076D-708A-467B-A054-F5847B49F345}.Ad-Hoc|x86.ActiveCfg = Release|Any CPU
		{DF61076D-708A-467B-A054-F5847B49F345}.Ad-Hoc|x86.Build.0 = Release|Any CPU
		{DF61076D-708A-467B-A054-F5847B49F345}.Ad-Hoc|x86.Deploy.0 = Release|Any CPU
		{DF61076D-708A-467B-A054-F5847B49F345}.AppStore|Any CPU.ActiveCfg = Release|Any CPU
		{DF61076D-708A-467B-A054-F5847B49F345}.AppStore|Any CPU.Build.0 = Release|Any CPU
		{DF61076D-708A-467B-A054-F5847B49F345}.AppStore|Any CPU.Deploy.0 = Release|Any CPU
		{DF61076D-708A-467B-A054-F5847B49F345}.AppStore|ARM.ActiveCfg = Release|Any CPU
		{DF61076D-708A-467B-A054-F5847B49F345}.AppStore|ARM.Build.0 = Release|Any CPU
		{DF61076D-708A-467B-A054-F5847B49F345}.AppStore|ARM.Deploy.0 = Release|Any CPU
		{DF61076D-708A-467B-A054-F5847B49F345}.AppStore|iPhone.ActiveCfg = Release|Any CPU
		{DF61076D-708A-467B-A054-F5847B49F345}.AppStore|iPhone.Build.0 = Release|Any CPU
		{DF61076D-708A-467B-A054-F5847B49F345}.AppStore|iPhone.Deploy.0 = Release|Any CPU
		{DF61076D-708A-467B-A054-F5847B49F345}.AppStore|iPhoneSimulator.ActiveCfg = Release|Any CPU
		{DF61076D-708A-467B-A054-F5847B49F345}.AppStore|iPhoneSimulator.Build.0 = Release|Any CPU
		{DF61076D-708A-467B-A054-F5847B49F345}.AppStore|iPhoneSimulator.Deploy.0 = Release|Any CPU
		{DF61076D-708A-467B-A054-F5847B49F345}.AppStore|x64.ActiveCfg = Release|Any CPU
		{DF61076D-708A-467B-A054-F5847B49F345}.AppStore|x64.Build.0 = Release|Any CPU
		{DF61076D-708A-467B-A054-F5847B49F345}.AppStore|x64.Deploy.0 = Release|Any CPU
		{DF61076D-708A-467B-A054-F5847B49F345}.AppStore|x86.ActiveCfg = Release|Any CPU
		{DF61076D-708A-467B-A054-F5847B49F345}.AppStore|x86.Build.0 = Release|Any CPU
		{DF61076D-708A-467B-A054-F5847B49F345}.AppStore|x86.Deploy.0 = Release|Any CPU
		{DF61076D-708A-467B-A054-F5847B49F345}.Debug|Any CPU.ActiveCfg = Debug|Any CPU
		{DF61076D-708A-467B-A054-F5847B49F345}.Debug|Any CPU.Build.0 = Debug|Any CPU
		{DF61076D-708A-467B-A054-F5847B49F345}.Debug|Any CPU.Deploy.0 = Debug|Any CPU
		{DF61076D-708A-467B-A054-F5847B49F345}.Debug|ARM.ActiveCfg = Debug|Any CPU
		{DF61076D-708A-467B-A054-F5847B49F345}.Debug|ARM.Build.0 = Debug|Any CPU
		{DF61076D-708A-467B-A054-F5847B49F345}.Debug|ARM.Deploy.0 = Debug|Any CPU
		{DF61076D-708A-467B-A054-F5847B49F345}.Debug|iPhone.ActiveCfg = Debug|Any CPU
		{DF61076D-708A-467B-A054-F5847B49F345}.Debug|iPhone.Build.0 = Debug|Any CPU
		{DF61076D-708A-467B-A054-F5847B49F345}.Debug|iPhone.Deploy.0 = Debug|Any CPU
		{DF61076D-708A-467B-A054-F5847B49F345}.Debug|iPhoneSimulator.ActiveCfg = Debug|Any CPU
		{DF61076D-708A-467B-A054-F5847B49F345}.Debug|iPhoneSimulator.Build.0 = Debug|Any CPU
		{DF61076D-708A-467B-A054-F5847B49F345}.Debug|iPhoneSimulator.Deploy.0 = Debug|Any CPU
		{DF61076D-708A-467B-A054-F5847B49F345}.Debug|x64.ActiveCfg = Debug|Any CPU
		{DF61076D-708A-467B-A054-F5847B49F345}.Debug|x64.Build.0 = Debug|Any CPU
		{DF61076D-708A-467B-A054-F5847B49F345}.Debug|x64.Deploy.0 = Debug|Any CPU
		{DF61076D-708A-467B-A054-F5847B49F345}.Debug|x86.ActiveCfg = Debug|Any CPU
		{DF61076D-708A-467B-A054-F5847B49F345}.Debug|x86.Build.0 = Debug|Any CPU
		{DF61076D-708A-467B-A054-F5847B49F345}.Debug|x86.Deploy.0 = Debug|Any CPU
		{DF61076D-708A-467B-A054-F5847B49F345}.Release|Any CPU.ActiveCfg = Release|Any CPU
		{DF61076D-708A-467B-A054-F5847B49F345}.Release|Any CPU.Build.0 = Release|Any CPU
		{DF61076D-708A-467B-A054-F5847B49F345}.Release|Any CPU.Deploy.0 = Release|Any CPU
		{DF61076D-708A-467B-A054-F5847B49F345}.Release|ARM.ActiveCfg = Release|Any CPU
		{DF61076D-708A-467B-A054-F5847B49F345}.Release|ARM.Build.0 = Release|Any CPU
		{DF61076D-708A-467B-A054-F5847B49F345}.Release|ARM.Deploy.0 = Release|Any CPU
		{DF61076D-708A-467B-A054-F5847B49F345}.Release|iPhone.ActiveCfg = Release|Any CPU
		{DF61076D-708A-467B-A054-F5847B49F345}.Release|iPhone.Build.0 = Release|Any CPU
		{DF61076D-708A-467B-A054-F5847B49F345}.Release|iPhone.Deploy.0 = Release|Any CPU
		{DF61076D-708A-467B-A054-F5847B49F345}.Release|iPhoneSimulator.ActiveCfg = Release|Any CPU
		{DF61076D-708A-467B-A054-F5847B49F345}.Release|iPhoneSimulator.Build.0 = Release|Any CPU
		{DF61076D-708A-467B-A054-F5847B49F345}.Release|iPhoneSimulator.Deploy.0 = Release|Any CPU
		{DF61076D-708A-467B-A054-F5847B49F345}.Release|x64.ActiveCfg = Release|Any CPU
		{DF61076D-708A-467B-A054-F5847B49F345}.Release|x64.Build.0 = Release|Any CPU
		{DF61076D-708A-467B-A054-F5847B49F345}.Release|x64.Deploy.0 = Release|Any CPU
		{DF61076D-708A-467B-A054-F5847B49F345}.Release|x86.ActiveCfg = Release|Any CPU
		{DF61076D-708A-467B-A054-F5847B49F345}.Release|x86.Build.0 = Release|Any CPU
		{DF61076D-708A-467B-A054-F5847B49F345}.Release|x86.Deploy.0 = Release|Any CPU
		{116FE74C-DD7F-454B-A53F-12B34E804C30}.Ad-Hoc|Any CPU.ActiveCfg = Ad-Hoc|iPhone
		{116FE74C-DD7F-454B-A53F-12B34E804C30}.Ad-Hoc|ARM.ActiveCfg = Ad-Hoc|iPhone
		{116FE74C-DD7F-454B-A53F-12B34E804C30}.Ad-Hoc|iPhone.ActiveCfg = Ad-Hoc|iPhone
		{116FE74C-DD7F-454B-A53F-12B34E804C30}.Ad-Hoc|iPhone.Build.0 = Ad-Hoc|iPhone
		{116FE74C-DD7F-454B-A53F-12B34E804C30}.Ad-Hoc|iPhoneSimulator.ActiveCfg = Ad-Hoc|iPhoneSimulator
		{116FE74C-DD7F-454B-A53F-12B34E804C30}.Ad-Hoc|iPhoneSimulator.Build.0 = Ad-Hoc|iPhoneSimulator
		{116FE74C-DD7F-454B-A53F-12B34E804C30}.Ad-Hoc|x64.ActiveCfg = Ad-Hoc|iPhone
		{116FE74C-DD7F-454B-A53F-12B34E804C30}.Ad-Hoc|x86.ActiveCfg = Ad-Hoc|iPhone
		{116FE74C-DD7F-454B-A53F-12B34E804C30}.AppStore|Any CPU.ActiveCfg = AppStore|iPhone
		{116FE74C-DD7F-454B-A53F-12B34E804C30}.AppStore|ARM.ActiveCfg = AppStore|iPhone
		{116FE74C-DD7F-454B-A53F-12B34E804C30}.AppStore|iPhone.ActiveCfg = AppStore|iPhone
		{116FE74C-DD7F-454B-A53F-12B34E804C30}.AppStore|iPhone.Build.0 = AppStore|iPhone
		{116FE74C-DD7F-454B-A53F-12B34E804C30}.AppStore|iPhoneSimulator.ActiveCfg = AppStore|iPhoneSimulator
		{116FE74C-DD7F-454B-A53F-12B34E804C30}.AppStore|iPhoneSimulator.Build.0 = AppStore|iPhoneSimulator
		{116FE74C-DD7F-454B-A53F-12B34E804C30}.AppStore|x64.ActiveCfg = AppStore|iPhone
		{116FE74C-DD7F-454B-A53F-12B34E804C30}.AppStore|x86.ActiveCfg = AppStore|iPhone
		{116FE74C-DD7F-454B-A53F-12B34E804C30}.Debug|Any CPU.ActiveCfg = Debug|iPhone
		{116FE74C-DD7F-454B-A53F-12B34E804C30}.Debug|ARM.ActiveCfg = Debug|iPhone
		{116FE74C-DD7F-454B-A53F-12B34E804C30}.Debug|iPhone.ActiveCfg = Debug|iPhone
		{116FE74C-DD7F-454B-A53F-12B34E804C30}.Debug|iPhone.Build.0 = Debug|iPhone
		{116FE74C-DD7F-454B-A53F-12B34E804C30}.Debug|iPhoneSimulator.ActiveCfg = Debug|iPhoneSimulator
		{116FE74C-DD7F-454B-A53F-12B34E804C30}.Debug|iPhoneSimulator.Build.0 = Debug|iPhoneSimulator
		{116FE74C-DD7F-454B-A53F-12B34E804C30}.Debug|x64.ActiveCfg = Debug|iPhone
		{116FE74C-DD7F-454B-A53F-12B34E804C30}.Debug|x86.ActiveCfg = Debug|iPhone
		{116FE74C-DD7F-454B-A53F-12B34E804C30}.Release|Any CPU.ActiveCfg = Release|iPhone
		{116FE74C-DD7F-454B-A53F-12B34E804C30}.Release|ARM.ActiveCfg = Release|iPhone
		{116FE74C-DD7F-454B-A53F-12B34E804C30}.Release|iPhone.ActiveCfg = Release|iPhone
		{116FE74C-DD7F-454B-A53F-12B34E804C30}.Release|iPhone.Build.0 = Release|iPhone
		{116FE74C-DD7F-454B-A53F-12B34E804C30}.Release|iPhoneSimulator.ActiveCfg = Release|iPhoneSimulator
		{116FE74C-DD7F-454B-A53F-12B34E804C30}.Release|iPhoneSimulator.Build.0 = Release|iPhoneSimulator
		{116FE74C-DD7F-454B-A53F-12B34E804C30}.Release|x64.ActiveCfg = Release|iPhone
		{116FE74C-DD7F-454B-A53F-12B34E804C30}.Release|x86.ActiveCfg = Release|iPhone
		{F8448A58-8F25-4971-AECE-1334EE235A00}.Ad-Hoc|Any CPU.ActiveCfg = Release|Any CPU
		{F8448A58-8F25-4971-AECE-1334EE235A00}.Ad-Hoc|Any CPU.Build.0 = Release|Any CPU
		{F8448A58-8F25-4971-AECE-1334EE235A00}.Ad-Hoc|Any CPU.Deploy.0 = Release|Any CPU
		{F8448A58-8F25-4971-AECE-1334EE235A00}.Ad-Hoc|ARM.ActiveCfg = Release|ARM
		{F8448A58-8F25-4971-AECE-1334EE235A00}.Ad-Hoc|ARM.Build.0 = Release|ARM
		{F8448A58-8F25-4971-AECE-1334EE235A00}.Ad-Hoc|ARM.Deploy.0 = Release|ARM
		{F8448A58-8F25-4971-AECE-1334EE235A00}.Ad-Hoc|iPhone.ActiveCfg = Release|Any CPU
		{F8448A58-8F25-4971-AECE-1334EE235A00}.Ad-Hoc|iPhone.Build.0 = Release|Any CPU
		{F8448A58-8F25-4971-AECE-1334EE235A00}.Ad-Hoc|iPhone.Deploy.0 = Release|Any CPU
		{F8448A58-8F25-4971-AECE-1334EE235A00}.Ad-Hoc|iPhoneSimulator.ActiveCfg = Release|Any CPU
		{F8448A58-8F25-4971-AECE-1334EE235A00}.Ad-Hoc|iPhoneSimulator.Build.0 = Release|Any CPU
		{F8448A58-8F25-4971-AECE-1334EE235A00}.Ad-Hoc|iPhoneSimulator.Deploy.0 = Release|Any CPU
		{F8448A58-8F25-4971-AECE-1334EE235A00}.Ad-Hoc|x64.ActiveCfg = Release|Any CPU
		{F8448A58-8F25-4971-AECE-1334EE235A00}.Ad-Hoc|x64.Build.0 = Release|Any CPU
		{F8448A58-8F25-4971-AECE-1334EE235A00}.Ad-Hoc|x64.Deploy.0 = Release|Any CPU
		{F8448A58-8F25-4971-AECE-1334EE235A00}.Ad-Hoc|x86.ActiveCfg = Release|x86
		{F8448A58-8F25-4971-AECE-1334EE235A00}.Ad-Hoc|x86.Build.0 = Release|x86
		{F8448A58-8F25-4971-AECE-1334EE235A00}.Ad-Hoc|x86.Deploy.0 = Release|x86
		{F8448A58-8F25-4971-AECE-1334EE235A00}.AppStore|Any CPU.ActiveCfg = Release|Any CPU
		{F8448A58-8F25-4971-AECE-1334EE235A00}.AppStore|Any CPU.Build.0 = Release|Any CPU
		{F8448A58-8F25-4971-AECE-1334EE235A00}.AppStore|Any CPU.Deploy.0 = Release|Any CPU
		{F8448A58-8F25-4971-AECE-1334EE235A00}.AppStore|ARM.ActiveCfg = Release|ARM
		{F8448A58-8F25-4971-AECE-1334EE235A00}.AppStore|ARM.Build.0 = Release|ARM
		{F8448A58-8F25-4971-AECE-1334EE235A00}.AppStore|ARM.Deploy.0 = Release|ARM
		{F8448A58-8F25-4971-AECE-1334EE235A00}.AppStore|iPhone.ActiveCfg = Release|Any CPU
		{F8448A58-8F25-4971-AECE-1334EE235A00}.AppStore|iPhone.Build.0 = Release|Any CPU
		{F8448A58-8F25-4971-AECE-1334EE235A00}.AppStore|iPhone.Deploy.0 = Release|Any CPU
		{F8448A58-8F25-4971-AECE-1334EE235A00}.AppStore|iPhoneSimulator.ActiveCfg = Release|Any CPU
		{F8448A58-8F25-4971-AECE-1334EE235A00}.AppStore|iPhoneSimulator.Build.0 = Release|Any CPU
		{F8448A58-8F25-4971-AECE-1334EE235A00}.AppStore|iPhoneSimulator.Deploy.0 = Release|Any CPU
		{F8448A58-8F25-4971-AECE-1334EE235A00}.AppStore|x64.ActiveCfg = Release|Any CPU
		{F8448A58-8F25-4971-AECE-1334EE235A00}.AppStore|x64.Build.0 = Release|Any CPU
		{F8448A58-8F25-4971-AECE-1334EE235A00}.AppStore|x64.Deploy.0 = Release|Any CPU
		{F8448A58-8F25-4971-AECE-1334EE235A00}.AppStore|x86.ActiveCfg = Release|x86
		{F8448A58-8F25-4971-AECE-1334EE235A00}.AppStore|x86.Build.0 = Release|x86
		{F8448A58-8F25-4971-AECE-1334EE235A00}.AppStore|x86.Deploy.0 = Release|x86
		{F8448A58-8F25-4971-AECE-1334EE235A00}.Debug|Any CPU.ActiveCfg = Debug|Any CPU
		{F8448A58-8F25-4971-AECE-1334EE235A00}.Debug|Any CPU.Build.0 = Debug|Any CPU
		{F8448A58-8F25-4971-AECE-1334EE235A00}.Debug|Any CPU.Deploy.0 = Debug|Any CPU
		{F8448A58-8F25-4971-AECE-1334EE235A00}.Debug|ARM.ActiveCfg = Debug|ARM
		{F8448A58-8F25-4971-AECE-1334EE235A00}.Debug|ARM.Build.0 = Debug|ARM
		{F8448A58-8F25-4971-AECE-1334EE235A00}.Debug|ARM.Deploy.0 = Debug|ARM
		{F8448A58-8F25-4971-AECE-1334EE235A00}.Debug|iPhone.ActiveCfg = Debug|Any CPU
		{F8448A58-8F25-4971-AECE-1334EE235A00}.Debug|iPhone.Build.0 = Debug|Any CPU
		{F8448A58-8F25-4971-AECE-1334EE235A00}.Debug|iPhone.Deploy.0 = Debug|Any CPU
		{F8448A58-8F25-4971-AECE-1334EE235A00}.Debug|iPhoneSimulator.ActiveCfg = Debug|Any CPU
		{F8448A58-8F25-4971-AECE-1334EE235A00}.Debug|iPhoneSimulator.Build.0 = Debug|Any CPU
		{F8448A58-8F25-4971-AECE-1334EE235A00}.Debug|iPhoneSimulator.Deploy.0 = Debug|Any CPU
		{F8448A58-8F25-4971-AECE-1334EE235A00}.Debug|x64.ActiveCfg = Debug|Any CPU
		{F8448A58-8F25-4971-AECE-1334EE235A00}.Debug|x64.Build.0 = Debug|Any CPU
		{F8448A58-8F25-4971-AECE-1334EE235A00}.Debug|x64.Deploy.0 = Debug|Any CPU
		{F8448A58-8F25-4971-AECE-1334EE235A00}.Debug|x86.ActiveCfg = Debug|x86
		{F8448A58-8F25-4971-AECE-1334EE235A00}.Debug|x86.Build.0 = Debug|x86
		{F8448A58-8F25-4971-AECE-1334EE235A00}.Debug|x86.Deploy.0 = Debug|x86
		{F8448A58-8F25-4971-AECE-1334EE235A00}.Release|Any CPU.ActiveCfg = Release|Any CPU
		{F8448A58-8F25-4971-AECE-1334EE235A00}.Release|Any CPU.Build.0 = Release|Any CPU
		{F8448A58-8F25-4971-AECE-1334EE235A00}.Release|Any CPU.Deploy.0 = Release|Any CPU
		{F8448A58-8F25-4971-AECE-1334EE235A00}.Release|ARM.ActiveCfg = Release|ARM
		{F8448A58-8F25-4971-AECE-1334EE235A00}.Release|ARM.Build.0 = Release|ARM
		{F8448A58-8F25-4971-AECE-1334EE235A00}.Release|ARM.Deploy.0 = Release|ARM
		{F8448A58-8F25-4971-AECE-1334EE235A00}.Release|iPhone.ActiveCfg = Release|Any CPU
		{F8448A58-8F25-4971-AECE-1334EE235A00}.Release|iPhone.Build.0 = Release|Any CPU
		{F8448A58-8F25-4971-AECE-1334EE235A00}.Release|iPhone.Deploy.0 = Release|Any CPU
		{F8448A58-8F25-4971-AECE-1334EE235A00}.Release|iPhoneSimulator.ActiveCfg = Release|Any CPU
		{F8448A58-8F25-4971-AECE-1334EE235A00}.Release|iPhoneSimulator.Build.0 = Release|Any CPU
		{F8448A58-8F25-4971-AECE-1334EE235A00}.Release|iPhoneSimulator.Deploy.0 = Release|Any CPU
		{F8448A58-8F25-4971-AECE-1334EE235A00}.Release|x64.ActiveCfg = Release|Any CPU
		{F8448A58-8F25-4971-AECE-1334EE235A00}.Release|x64.Build.0 = Release|Any CPU
		{F8448A58-8F25-4971-AECE-1334EE235A00}.Release|x64.Deploy.0 = Release|Any CPU
		{F8448A58-8F25-4971-AECE-1334EE235A00}.Release|x86.ActiveCfg = Release|x86
		{F8448A58-8F25-4971-AECE-1334EE235A00}.Release|x86.Build.0 = Release|x86
		{F8448A58-8F25-4971-AECE-1334EE235A00}.Release|x86.Deploy.0 = Release|x86
		{5FD5C46A-5AB0-460F-993B-0747FA74BBF6}.Ad-Hoc|Any CPU.ActiveCfg = Release|Any CPU
		{5FD5C46A-5AB0-460F-993B-0747FA74BBF6}.Ad-Hoc|Any CPU.Build.0 = Release|Any CPU
		{5FD5C46A-5AB0-460F-993B-0747FA74BBF6}.Ad-Hoc|ARM.ActiveCfg = Release|Any CPU
		{5FD5C46A-5AB0-460F-993B-0747FA74BBF6}.Ad-Hoc|ARM.Build.0 = Release|Any CPU
		{5FD5C46A-5AB0-460F-993B-0747FA74BBF6}.Ad-Hoc|iPhone.ActiveCfg = Release|Any CPU
		{5FD5C46A-5AB0-460F-993B-0747FA74BBF6}.Ad-Hoc|iPhone.Build.0 = Release|Any CPU
		{5FD5C46A-5AB0-460F-993B-0747FA74BBF6}.Ad-Hoc|iPhoneSimulator.ActiveCfg = Release|Any CPU
		{5FD5C46A-5AB0-460F-993B-0747FA74BBF6}.Ad-Hoc|iPhoneSimulator.Build.0 = Release|Any CPU
		{5FD5C46A-5AB0-460F-993B-0747FA74BBF6}.Ad-Hoc|x64.ActiveCfg = Release|Any CPU
		{5FD5C46A-5AB0-460F-993B-0747FA74BBF6}.Ad-Hoc|x64.Build.0 = Release|Any CPU
		{5FD5C46A-5AB0-460F-993B-0747FA74BBF6}.Ad-Hoc|x86.ActiveCfg = Release|Any CPU
		{5FD5C46A-5AB0-460F-993B-0747FA74BBF6}.Ad-Hoc|x86.Build.0 = Release|Any CPU
		{5FD5C46A-5AB0-460F-993B-0747FA74BBF6}.AppStore|Any CPU.ActiveCfg = Release|Any CPU
		{5FD5C46A-5AB0-460F-993B-0747FA74BBF6}.AppStore|Any CPU.Build.0 = Release|Any CPU
		{5FD5C46A-5AB0-460F-993B-0747FA74BBF6}.AppStore|ARM.ActiveCfg = Release|Any CPU
		{5FD5C46A-5AB0-460F-993B-0747FA74BBF6}.AppStore|ARM.Build.0 = Release|Any CPU
		{5FD5C46A-5AB0-460F-993B-0747FA74BBF6}.AppStore|iPhone.ActiveCfg = Release|Any CPU
		{5FD5C46A-5AB0-460F-993B-0747FA74BBF6}.AppStore|iPhone.Build.0 = Release|Any CPU
		{5FD5C46A-5AB0-460F-993B-0747FA74BBF6}.AppStore|iPhoneSimulator.ActiveCfg = Release|Any CPU
		{5FD5C46A-5AB0-460F-993B-0747FA74BBF6}.AppStore|iPhoneSimulator.Build.0 = Release|Any CPU
		{5FD5C46A-5AB0-460F-993B-0747FA74BBF6}.AppStore|x64.ActiveCfg = Release|Any CPU
		{5FD5C46A-5AB0-460F-993B-0747FA74BBF6}.AppStore|x64.Build.0 = Release|Any CPU
		{5FD5C46A-5AB0-460F-993B-0747FA74BBF6}.AppStore|x86.ActiveCfg = Release|Any CPU
		{5FD5C46A-5AB0-460F-993B-0747FA74BBF6}.AppStore|x86.Build.0 = Release|Any CPU
		{5FD5C46A-5AB0-460F-993B-0747FA74BBF6}.Debug|Any CPU.ActiveCfg = Debug|Any CPU
		{5FD5C46A-5AB0-460F-993B-0747FA74BBF6}.Debug|Any CPU.Build.0 = Debug|Any CPU
		{5FD5C46A-5AB0-460F-993B-0747FA74BBF6}.Debug|ARM.ActiveCfg = Debug|Any CPU
		{5FD5C46A-5AB0-460F-993B-0747FA74BBF6}.Debug|ARM.Build.0 = Debug|Any CPU
		{5FD5C46A-5AB0-460F-993B-0747FA74BBF6}.Debug|iPhone.ActiveCfg = Debug|Any CPU
		{5FD5C46A-5AB0-460F-993B-0747FA74BBF6}.Debug|iPhone.Build.0 = Debug|Any CPU
		{5FD5C46A-5AB0-460F-993B-0747FA74BBF6}.Debug|iPhoneSimulator.ActiveCfg = Debug|Any CPU
		{5FD5C46A-5AB0-460F-993B-0747FA74BBF6}.Debug|iPhoneSimulator.Build.0 = Debug|Any CPU
		{5FD5C46A-5AB0-460F-993B-0747FA74BBF6}.Debug|x64.ActiveCfg = Debug|Any CPU
		{5FD5C46A-5AB0-460F-993B-0747FA74BBF6}.Debug|x64.Build.0 = Debug|Any CPU
		{5FD5C46A-5AB0-460F-993B-0747FA74BBF6}.Debug|x86.ActiveCfg = Debug|Any CPU
		{5FD5C46A-5AB0-460F-993B-0747FA74BBF6}.Debug|x86.Build.0 = Debug|Any CPU
		{5FD5C46A-5AB0-460F-993B-0747FA74BBF6}.Release|Any CPU.ActiveCfg = Release|Any CPU
		{5FD5C46A-5AB0-460F-993B-0747FA74BBF6}.Release|Any CPU.Build.0 = Release|Any CPU
		{5FD5C46A-5AB0-460F-993B-0747FA74BBF6}.Release|ARM.ActiveCfg = Release|Any CPU
		{5FD5C46A-5AB0-460F-993B-0747FA74BBF6}.Release|ARM.Build.0 = Release|Any CPU
		{5FD5C46A-5AB0-460F-993B-0747FA74BBF6}.Release|iPhone.ActiveCfg = Release|Any CPU
		{5FD5C46A-5AB0-460F-993B-0747FA74BBF6}.Release|iPhone.Build.0 = Release|Any CPU
		{5FD5C46A-5AB0-460F-993B-0747FA74BBF6}.Release|iPhoneSimulator.ActiveCfg = Release|Any CPU
		{5FD5C46A-5AB0-460F-993B-0747FA74BBF6}.Release|iPhoneSimulator.Build.0 = Release|Any CPU
		{5FD5C46A-5AB0-460F-993B-0747FA74BBF6}.Release|x64.ActiveCfg = Release|Any CPU
		{5FD5C46A-5AB0-460F-993B-0747FA74BBF6}.Release|x64.Build.0 = Release|Any CPU
		{5FD5C46A-5AB0-460F-993B-0747FA74BBF6}.Release|x86.ActiveCfg = Release|Any CPU
		{5FD5C46A-5AB0-460F-993B-0747FA74BBF6}.Release|x86.Build.0 = Release|Any CPU
	EndGlobalSection
	GlobalSection(SolutionProperties) = preSolution
		HideSolutionNode = FALSE
	EndGlobalSection
EndGlobal
